
Microsoft Visual Studio Solution File, Format Version 12.00
# Visual Studio Version 17
VisualStudioVersion = 17.10.35027.167
MinimumVisualStudioVersion = 10.0.40219.1
Project("{FAE04EC0-301F-11D3-BF4B-00C04F79EFBC}") = "OilPaintingArt_TruongMinhHoang", "OilPaintingArt_TruongMinhHoang\OilPaintingArt_TruongMinhHoang.csproj", "{463B0864-522F-4B23-9FDE-AAC379C026F2}"
EndProject
Project("{FAE04EC0-301F-11D3-BF4B-00C04F79EFBC}") = "BusinessObjects", "BusinessObjects\BusinessObjects.csproj", "{F2EC2F78-D389-4F61-BAE0-79635CD41FC8}"
EndProject
Project("{FAE04EC0-301F-11D3-BF4B-00C04F79EFBC}") = "Repositories", "Repositories\Repositories.csproj", "{27773306-945B-45E2-92EB-98CEF7412679}"
EndProject
Project("{FAE04EC0-301F-11D3-BF4B-00C04F79EFBC}") = "DAOs", "DAOs\DAOs.csproj", "{051CD429-A22E-43E8-9192-12EC13863BD4}"
EndProject
Global
	GlobalSection(SolutionConfigurationPlatforms) = preSolution
		Debug|Any CPU = Debug|Any CPU
		Release|Any CPU = Release|Any CPU
	EndGlobalSection
	GlobalSection(ProjectConfigurationPlatforms) = postSolution
		{463B0864-522F-4B23-9FDE-AAC379C026F2}.Debug|Any CPU.ActiveCfg = Debug|Any CPU
		{463B0864-522F-4B23-9FDE-AAC379C026F2}.Debug|Any CPU.Build.0 = Debug|Any CPU
		{463B0864-522F-4B23-9FDE-AAC379C026F2}.Release|Any CPU.ActiveCfg = Release|Any CPU
		{463B0864-522F-4B23-9FDE-AAC379C026F2}.Release|Any CPU.Build.0 = Release|Any CPU
		{F2EC2F78-D389-4F61-BAE0-79635CD41FC8}.Debug|Any CPU.ActiveCfg = Debug|Any CPU
		{F2EC2F78-D389-4F61-BAE0-79635CD41FC8}.Debug|Any CPU.Build.0 = Debug|Any CPU
		{F2EC2F78-D389-4F61-BAE0-79635CD41FC8}.Release|Any CPU.ActiveCfg = Release|Any CPU
		{F2EC2F78-D389-4F61-BAE0-79635CD41FC8}.Release|Any CPU.Build.0 = Release|Any CPU
		{27773306-945B-45E2-92EB-98CEF7412679}.Debug|Any CPU.ActiveCfg = Debug|Any CPU
		{27773306-945B-45E2-92EB-98CEF7412679}.Debug|Any CPU.Build.0 = Debug|Any CPU
		{27773306-945B-45E2-92EB-98CEF7412679}.Release|Any CPU.ActiveCfg = Release|Any CPU
		{27773306-945B-45E2-92EB-98CEF7412679}.Release|Any CPU.Build.0 = Release|Any CPU
		{051CD429-A22E-43E8-9192-12EC13863BD4}.Debug|Any CPU.ActiveCfg = Debug|Any CPU
		{051CD429-A22E-43E8-9192-12EC13863BD4}.Debug|Any CPU.Build.0 = Debug|Any CPU
		{051CD429-A22E-43E8-9192-12EC13863BD4}.Release|Any CPU.ActiveCfg = Release|Any CPU
		{051CD429-A22E-43E8-9192-12EC13863BD4}.Release|Any CPU.Build.0 = Release|Any CPU
	EndGlobalSection
	GlobalSection(SolutionProperties) = preSolution
		HideSolutionNode = FALSE
	EndGlobalSection
	GlobalSection(ExtensibilityGlobals) = postSolution
		SolutionGuid = {373CD1C7-45DF-4F4B-B112-ADC16CAEF1A1}
	EndGlobalSection
EndGlobal
